
Microsoft Visual Studio Solution File, Format Version 12.00
# Visual Studio Version 17
VisualStudioVersion = 17.2.32802.462
MinimumVisualStudioVersion = 10.0.40219.1
Project("{9A19103F-16F7-4668-BE54-9A1E7A4F7556}") = "gyak1011", "gyak9\gyak1011.csproj", "{D450D00F-11FE-442B-8F8E-0D7E29080B5C}"
EndProject
Project("{FAE04EC0-301F-11D3-BF4B-00C04F79EFBC}") = "gyak_12", "gyak_12\gyak_12.csproj", "{F47E1BB3-E26F-4C85-9473-57538684D36C}"
EndProject
Global
	GlobalSection(SolutionConfigurationPlatforms) = preSolution
		Debug|Any CPU = Debug|Any CPU
		Release|Any CPU = Release|Any CPU
	EndGlobalSection
	GlobalSection(ProjectConfigurationPlatforms) = postSolution
		{D450D00F-11FE-442B-8F8E-0D7E29080B5C}.Debug|Any CPU.ActiveCfg = Debug|Any CPU
		{D450D00F-11FE-442B-8F8E-0D7E29080B5C}.Debug|Any CPU.Build.0 = Debug|Any CPU
		{D450D00F-11FE-442B-8F8E-0D7E29080B5C}.Release|Any CPU.ActiveCfg = Release|Any CPU
		{D450D00F-11FE-442B-8F8E-0D7E29080B5C}.Release|Any CPU.Build.0 = Release|Any CPU
		{F47E1BB3-E26F-4C85-9473-57538684D36C}.Debug|Any CPU.ActiveCfg = Debug|Any CPU
		{F47E1BB3-E26F-4C85-9473-57538684D36C}.Debug|Any CPU.Build.0 = Debug|Any CPU
		{F47E1BB3-E26F-4C85-9473-57538684D36C}.Release|Any CPU.ActiveCfg = Release|Any CPU
		{F47E1BB3-E26F-4C85-9473-57538684D36C}.Release|Any CPU.Build.0 = Release|Any CPU
	EndGlobalSection
	GlobalSection(SolutionProperties) = preSolution
		HideSolutionNode = FALSE
	EndGlobalSection
	GlobalSection(ExtensibilityGlobals) = postSolution
		SolutionGuid = {2177B80D-FE51-4AC5-A824-E17186466CBF}
	EndGlobalSection
EndGlobal
